PODS:
  - appwin_core (0.0.1):
    - AppwinCore (< 1.0.0, >= 0.6.1)
    - Flutter
  - appwin_support (0.0.1):
    - AppwinCore (< 1.0.0, >= 0.6.1)
    - AppwinSupport (< 1.0.0, >= 0.6.1)
    - Flutter
  - AppwinCore (0.6.1)
  - AppwinNotifications (0.6.1):
    - AppwinCore (= 0.6.1)
  - AppwinSupport (0.6.1):
    - AppwinCore (= 0.6.1)
  - Flutter (1.0.0)
  - integration_test (0.0.1):
    - Flutter

DEPENDENCIES:
  - appwin_core (from `.symlinks/plugins/appwin_core/ios`)
  - appwin_support (from `.symlinks/plugins/appwin_support/ios`)
  - AppwinCore (from `../../../../appwin-ios`)
  - AppwinNotifications (from `../../../../appwin-ios`)
  - AppwinSupport (from `../../../../appwin-ios`)
  - Flutter (from `Flutter`)
  - integration_test (from `.symlinks/plugins/integration_test/ios`)

EXTERNAL SOURCES:
  appwin_core:
    :path: ".symlinks/plugins/appwin_core/ios"
  appwin_support:
    :path: ".symlinks/plugins/appwin_support/ios"
  AppwinCore:
    :path: "../../../../appwin-ios"
  AppwinNotifications:
    :path: "../../../../appwin-ios"
  AppwinSupport:
    :path: "../../../../appwin-ios"
  Flutter:
    :path: Flutter
  integration_test:
    :path: ".symlinks/plugins/integration_test/ios"

SPEC CHECKSUMS:
  appwin_core: 5cbd899397e056259d95e789d7c89547dc349192
  appwin_support: a3f72886bb2041bf3af4bc2b4d11666fd12c981f
  AppwinCore: 25de90a683120205f1984d1fab27ba81155773c4
  AppwinNotifications: 2827ee8054bdeb562b89a3b6bdea2dbca39b3058
  AppwinSupport: 1bb9082386c34f2608e1e0f27b56d65a77fb6a60
  Flutter: cabc95a1d2626b1b06e7179b784ebcf0c0cde467
  integration_test: 252f60fa39af5e17c3aa9899d35d908a0721b573

PODFILE CHECKSUM: f323f3636188b3a40c55602510e96afe27f28c97

COCOAPODS: 1.16.2
