PODS:
  - appwin_core (0.0.1):
    - AppwinCore (< 1.0.0, >= 0.5.1)
    - Flutter
  - appwin_support (0.0.1):
    - AppwinCore (< 1.0.0, >= 0.5.1)
    - AppwinSupport (< 1.0.0, >= 0.5.1)
    - Flutter
  - AppwinCore (0.5.1)
  - AppwinNotifications (0.5.1):
    - AppwinCore (= 0.5.1)
  - AppwinSupport (0.5.1):
    - AppwinCore (= 0.5.1)
  - Flutter (1.0.0)
  - integration_test (0.0.1):
    - Flutter

DEPENDENCIES:
  - appwin_core (from `.symlinks/plugins/appwin_core/ios`)
  - appwin_support (from `.symlinks/plugins/appwin_support/ios`)
  - AppwinCore (from `../../../../appwin-ios`)
  - AppwinNotifications (from `../../../../appwin-ios`)
  - AppwinSupport (from `../../../../appwin-ios`)
  - Flutter (from `Flutter`)
  - integration_test (from `.symlinks/plugins/integration_test/ios`)

EXTERNAL SOURCES:
  appwin_core:
    :path: ".symlinks/plugins/appwin_core/ios"
  appwin_support:
    :path: ".symlinks/plugins/appwin_support/ios"
  AppwinCore:
    :path: "../../../../appwin-ios"
  AppwinNotifications:
    :path: "../../../../appwin-ios"
  AppwinSupport:
    :path: "../../../../appwin-ios"
  Flutter:
    :path: Flutter
  integration_test:
    :path: ".symlinks/plugins/integration_test/ios"

SPEC CHECKSUMS:
  appwin_core: c8f90455b679f4b6ee08c549306ecfa6b60bc9fc
  appwin_support: 5385764f1af16034ced5333df977f11ebd50937e
  AppwinCore: 91cb20d1ad9077e28cb88bb2f09b1db2f0558561
  AppwinNotifications: c6de2ee1a6c9d9073dbc3b5fa34840bfe9460d4b
  AppwinSupport: 2d54b8525fe6f593ee3d43768601522368a2a903
  Flutter: cabc95a1d2626b1b06e7179b784ebcf0c0cde467
  integration_test: 4a889634ef21a45d28d50d622cf412dc6d9f586e

PODFILE CHECKSUM: f323f3636188b3a40c55602510e96afe27f28c97

COCOAPODS: 1.16.2
